
Microsoft Visual Studio Solution File, Format Version 12.00
# Visual Studio Version 17
VisualStudioVersion = 17.11.35312.102
MinimumVisualStudioVersion = 10.0.40219.1
Project("{FAE04EC0-301F-11D3-BF4B-00C04F79EFBC}") = "01. DayOfWeek", "01. DayOfWeek\01. DayOfWeek.csproj", "{5B6EC32A-D969-4E5E-9C5C-D2C1BBDB0475}"
EndProject
Project("{FAE04EC0-301F-11D3-BF4B-00C04F79EFBC}") = "02. PrintNumbersInReverseOrder", "02. PrintNumbersInReverseOrder\02. PrintNumbersInReverseOrder.csproj", "{E46B8B83-A6AE-4D07-A304-E3A06B07A516}"
EndProject
Project("{FAE04EC0-301F-11D3-BF4B-00C04F79EFBC}") = "03. RoundingNumbers", "03. RoundingNumbers\03. RoundingNumbers.csproj", "{83A468EF-6DB8-489F-A062-5179F1A9774F}"
EndProject
Project("{FAE04EC0-301F-11D3-BF4B-00C04F79EFBC}") = "04. ReverseArrayOfStrings", "04. ReverseArrayOfStrings\04. ReverseArrayOfStrings.csproj", "{704572E4-8E6B-4527-A40E-C5270DFFF3AB}"
EndProject
Project("{FAE04EC0-301F-11D3-BF4B-00C04F79EFBC}") = "05. SumEvenNumbers", "05. SumEvenNumbers\05. SumEvenNumbers.csproj", "{38B7AD7B-D089-4061-8A6E-A2449A071AF6}"
EndProject
Project("{FAE04EC0-301F-11D3-BF4B-00C04F79EFBC}") = "06. EvenAndOddSubstraction", "06. EvenAndOddSubstraction\06. EvenAndOddSubstraction.csproj", "{D5DAA3CD-79D6-435C-9B26-504E3593DE65}"
EndProject
Project("{FAE04EC0-301F-11D3-BF4B-00C04F79EFBC}") = "07. EqualArrays", "07. EqualArrays\07. EqualArrays.csproj", "{5DC7CBBB-11A0-4E6F-A97E-55EA8A241BA5}"
EndProject
Project("{FAE04EC0-301F-11D3-BF4B-00C04F79EFBC}") = "08. CondenseArrayToNumber", "08. CondenseArrayToNumber\08. CondenseArrayToNumber.csproj", "{D5B4B5DC-CD02-4CDA-BAC2-B6DB482087F8}"
EndProject
Global
	GlobalSection(SolutionConfigurationPlatforms) = preSolution
		Debug|Any CPU = Debug|Any CPU
		Release|Any CPU = Release|Any CPU
	EndGlobalSection
	GlobalSection(ProjectConfigurationPlatforms) = postSolution
		{5B6EC32A-D969-4E5E-9C5C-D2C1BBDB0475}.Debug|Any CPU.ActiveCfg = Debug|Any CPU
		{5B6EC32A-D969-4E5E-9C5C-D2C1BBDB0475}.Debug|Any CPU.Build.0 = Debug|Any CPU
		{5B6EC32A-D969-4E5E-9C5C-D2C1BBDB0475}.Release|Any CPU.ActiveCfg = Release|Any CPU
		{5B6EC32A-D969-4E5E-9C5C-D2C1BBDB0475}.Release|Any CPU.Build.0 = Release|Any CPU
		{E46B8B83-A6AE-4D07-A304-E3A06B07A516}.Debug|Any CPU.ActiveCfg = Debug|Any CPU
		{E46B8B83-A6AE-4D07-A304-E3A06B07A516}.Debug|Any CPU.Build.0 = Debug|Any CPU
		{E46B8B83-A6AE-4D07-A304-E3A06B07A516}.Release|Any CPU.ActiveCfg = Release|Any CPU
		{E46B8B83-A6AE-4D07-A304-E3A06B07A516}.Release|Any CPU.Build.0 = Release|Any CPU
		{83A468EF-6DB8-489F-A062-5179F1A9774F}.Debug|Any CPU.ActiveCfg = Debug|Any CPU
		{83A468EF-6DB8-489F-A062-5179F1A9774F}.Debug|Any CPU.Build.0 = Debug|Any CPU
		{83A468EF-6DB8-489F-A062-5179F1A9774F}.Release|Any CPU.ActiveCfg = Release|Any CPU
		{83A468EF-6DB8-489F-A062-5179F1A9774F}.Release|Any CPU.Build.0 = Release|Any CPU
		{704572E4-8E6B-4527-A40E-C5270DFFF3AB}.Debug|Any CPU.ActiveCfg = Debug|Any CPU
		{704572E4-8E6B-4527-A40E-C5270DFFF3AB}.Debug|Any CPU.Build.0 = Debug|Any CPU
		{704572E4-8E6B-4527-A40E-C5270DFFF3AB}.Release|Any CPU.ActiveCfg = Release|Any CPU
		{704572E4-8E6B-4527-A40E-C5270DFFF3AB}.Release|Any CPU.Build.0 = Release|Any CPU
		{38B7AD7B-D089-4061-8A6E-A2449A071AF6}.Debug|Any CPU.ActiveCfg = Debug|Any CPU
		{38B7AD7B-D089-4061-8A6E-A2449A071AF6}.Debug|Any CPU.Build.0 = Debug|Any CPU
		{38B7AD7B-D089-4061-8A6E-A2449A071AF6}.Release|Any CPU.ActiveCfg = Release|Any CPU
		{38B7AD7B-D089-4061-8A6E-A2449A071AF6}.Release|Any CPU.Build.0 = Release|Any CPU
		{D5DAA3CD-79D6-435C-9B26-504E3593DE65}.Debug|Any CPU.ActiveCfg = Debug|Any CPU
		{D5DAA3CD-79D6-435C-9B26-504E3593DE65}.Debug|Any CPU.Build.0 = Debug|Any CPU
		{D5DAA3CD-79D6-435C-9B26-504E3593DE65}.Release|Any CPU.ActiveCfg = Release|Any CPU
		{D5DAA3CD-79D6-435C-9B26-504E3593DE65}.Release|Any CPU.Build.0 = Release|Any CPU
		{5DC7CBBB-11A0-4E6F-A97E-55EA8A241BA5}.Debug|Any CPU.ActiveCfg = Debug|Any CPU
		{5DC7CBBB-11A0-4E6F-A97E-55EA8A241BA5}.Debug|Any CPU.Build.0 = Debug|Any CPU
		{5DC7CBBB-11A0-4E6F-A97E-55EA8A241BA5}.Release|Any CPU.ActiveCfg = Release|Any CPU
		{5DC7CBBB-11A0-4E6F-A97E-55EA8A241BA5}.Release|Any CPU.Build.0 = Release|Any CPU
		{D5B4B5DC-CD02-4CDA-BAC2-B6DB482087F8}.Debug|Any CPU.ActiveCfg = Debug|Any CPU
		{D5B4B5DC-CD02-4CDA-BAC2-B6DB482087F8}.Debug|Any CPU.Build.0 = Debug|Any CPU
		{D5B4B5DC-CD02-4CDA-BAC2-B6DB482087F8}.Release|Any CPU.ActiveCfg = Release|Any CPU
		{D5B4B5DC-CD02-4CDA-BAC2-B6DB482087F8}.Release|Any CPU.Build.0 = Release|Any CPU
	EndGlobalSection
	GlobalSection(SolutionProperties) = preSolution
		HideSolutionNode = FALSE
	EndGlobalSection
	GlobalSection(ExtensibilityGlobals) = postSolution
		SolutionGuid = {3C171E67-A0DB-48B1-BB83-295E4006B3B4}
	EndGlobalSection
EndGlobal
